
Microsoft Visual Studio Solution File, Format Version 12.00
# Visual Studio 2013
VisualStudioVersion = 12.0.21005.1
MinimumVisualStudioVersion = 10.0.40219.1
Project("{FAE04EC0-301F-11D3-BF4B-00C04F79EFBC}") = "OBEHR", "OBEHR\OBEHR.csproj", "{9E27FC6C-08E6-49E6-B62C-BA72C465A598}"
EndProject
Project("{FAE04EC0-301F-11D3-BF4B-00C04F79EFBC}") = "FrameLog", "FrameLog\FrameLog.csproj", "{3372C1BA-B88F-4D4D-A1E0-979D93EA571D}"
EndProject
Global
	GlobalSection(SolutionConfigurationPlatforms) = preSolution
		Debug|Any CPU = Debug|Any CPU
		Release|Any CPU = Release|Any CPU
	EndGlobalSection
	GlobalSection(ProjectConfigurationPlatforms) = postSolution
		{9E27FC6C-08E6-49E6-B62C-BA72C465A598}.Debug|Any CPU.ActiveCfg = Debug|Any CPU
		{9E27FC6C-08E6-49E6-B62C-BA72C465A598}.Debug|Any CPU.Build.0 = Debug|Any CPU
		{9E27FC6C-08E6-49E6-B62C-BA72C465A598}.Release|Any CPU.ActiveCfg = Release|Any CPU
		{9E27FC6C-08E6-49E6-B62C-BA72C465A598}.Release|Any CPU.Build.0 = Release|Any CPU
		{3372C1BA-B88F-4D4D-A1E0-979D93EA571D}.Debug|Any CPU.ActiveCfg = Debug|Any CPU
		{3372C1BA-B88F-4D4D-A1E0-979D93EA571D}.Debug|Any CPU.Build.0 = Debug|Any CPU
		{3372C1BA-B88F-4D4D-A1E0-979D93EA571D}.Release|Any CPU.ActiveCfg = Release|Any CPU
		{3372C1BA-B88F-4D4D-A1E0-979D93EA571D}.Release|Any CPU.Build.0 = Release|Any CPU
	EndGlobalSection
	GlobalSection(SolutionProperties) = preSolution
		HideSolutionNode = FALSE
	EndGlobalSection
EndGlobal
